
Microsoft Visual Studio Solution File, Format Version 12.00
# Visual Studio 2017
Project("{FAE04EC0-301F-11D3-BF4B-00C04F79EFBC}") = "DevHoloTour", "DevHoloTour.csproj", "{A3305D23-1FE1-8748-F321-F4308BCFD0C2}"
EndProject
Project("{FAE04EC0-301F-11D3-BF4B-00C04F79EFBC}") = "DevHoloTour.Editor", "DevHoloTour.Editor.csproj", "{0C473D90-68C9-B42C-83CD-E174E72C3969}"
EndProject
Global
	GlobalSection(SolutionConfigurationPlatforms) = preSolution
		Debug|Any CPU = Debug|Any CPU
		Release|Any CPU = Release|Any CPU
	EndGlobalSection
	GlobalSection(ProjectConfigurationPlatforms) = postSolution
		{A3305D23-1FE1-8748-F321-F4308BCFD0C2}.Debug|Any CPU.ActiveCfg = Debug|Any CPU
		{A3305D23-1FE1-8748-F321-F4308BCFD0C2}.Debug|Any CPU.Build.0 = Debug|Any CPU
		{A3305D23-1FE1-8748-F321-F4308BCFD0C2}.Release|Any CPU.ActiveCfg = Release|Any CPU
		{A3305D23-1FE1-8748-F321-F4308BCFD0C2}.Release|Any CPU.Build.0 = Release|Any CPU
		{0C473D90-68C9-B42C-83CD-E174E72C3969}.Debug|Any CPU.ActiveCfg = Debug|Any CPU
		{0C473D90-68C9-B42C-83CD-E174E72C3969}.Debug|Any CPU.Build.0 = Debug|Any CPU
		{0C473D90-68C9-B42C-83CD-E174E72C3969}.Release|Any CPU.ActiveCfg = Release|Any CPU
		{0C473D90-68C9-B42C-83CD-E174E72C3969}.Release|Any CPU.Build.0 = Release|Any CPU
	EndGlobalSection
	GlobalSection(SolutionProperties) = preSolution
		HideSolutionNode = FALSE
	EndGlobalSection
EndGlobal
